
Microsoft Visual Studio Solution File, Format Version 12.00
# Visual Studio Version 17
VisualStudioVersion = 17.2.32616.157
MinimumVisualStudioVersion = 10.0.40219.1
Project("{FAE04EC0-301F-11D3-BF4B-00C04F79EFBC}") = "OOP", "OOP\OOP.csproj", "{30455A0D-4E47-401A-9759-F5A817BEED6E}"
EndProject
Global
	GlobalSection(SolutionConfigurationPlatforms) = preSolution
		Debug|Any CPU = Debug|Any CPU
		Release|Any CPU = Release|Any CPU
	EndGlobalSection
	GlobalSection(ProjectConfigurationPlatforms) = postSolution
		{30455A0D-4E47-401A-9759-F5A817BEED6E}.Debug|Any CPU.ActiveCfg = Debug|Any CPU
		{30455A0D-4E47-401A-9759-F5A817BEED6E}.Debug|Any CPU.Build.0 = Debug|Any CPU
		{30455A0D-4E47-401A-9759-F5A817BEED6E}.Release|Any CPU.ActiveCfg = Release|Any CPU
		{30455A0D-4E47-401A-9759-F5A817BEED6E}.Release|Any CPU.Build.0 = Release|Any CPU
	EndGlobalSection
	GlobalSection(SolutionProperties) = preSolution
		HideSolutionNode = FALSE
	EndGlobalSection
	GlobalSection(ExtensibilityGlobals) = postSolution
		SolutionGuid = {47FB5C7D-C63E-4E7B-B708-A8C91168B39A}
	EndGlobalSection
EndGlobal
